// !$*UTF8*$!
{
	archiveVersion = 1;
	classes = {
	};
	objectVersion = 50;
	objects = {

/* Begin PBXBuildFile section */
		306FA06121414797005C7348 /* Alamofire.framework in Frameworks */ = {isa = PBXBuildFile; fileRef = 306FA06021414797005C7348 /* Alamofire.framework */; };
		306FA0692141604F005C7348 /* MarketCapService.swift in Sources */ = {isa = PBXBuildFile; fileRef = 306FA0682141604F005C7348 /* MarketCapService.swift */; };
		306FA06B21416133005C7348 /* Coin.swift in Sources */ = {isa = PBXBuildFile; fileRef = 306FA06A21416133005C7348 /* Coin.swift */; };
		306FA07021416299005C7348 /* SwiftyJSON.framework in Frameworks */ = {isa = PBXBuildFile; fileRef = 306FA06F21416299005C7348 /* SwiftyJSON.framework */; };
		306FA07221416385005C7348 /* Network.swift in Sources */ = {isa = PBXBuildFile; fileRef = 306FA07121416385005C7348 /* Network.swift */; };
		306FA074214164C2005C7348 /* Constants.swift in Sources */ = {isa = PBXBuildFile; fileRef = 306FA073214164C2005C7348 /* Constants.swift */; };
		306FA07621416777005C7348 /* Log.swift in Sources */ = {isa = PBXBuildFile; fileRef = 306FA07521416777005C7348 /* Log.swift */; };
		306FA0782141AE22005C7348 /* TableViewController.swift in Sources */ = {isa = PBXBuildFile; fileRef = 306FA0772141AE22005C7348 /* TableViewController.swift */; };
		306FA07A2141C550005C7348 /* ImageCacheLoader.swift in Sources */ = {isa = PBXBuildFile; fileRef = 306FA0792141C550005C7348 /* ImageCacheLoader.swift */; };
		30DB643E214050F40082A21E /* AppDelegate.swift in Sources */ = {isa = PBXBuildFile; fileRef = 30DB643D214050F40082A21E /* AppDelegate.swift */; };
		30DB6443214050F40082A21E /* Table.storyboard in Resources */ = {isa = PBXBuildFile; fileRef = 30DB6441214050F40082A21E /* Table.storyboard */; };
		30DB6445214050F60082A21E /* Assets.xcassets in Resources */ = {isa = PBXBuildFile; fileRef = 30DB6444214050F60082A21E /* Assets.xcassets */; };
		30DB6448214050F60082A21E /* LaunchScreen.storyboard in Resources */ = {isa = PBXBuildFile; fileRef = 30DB6446214050F60082A21E /* LaunchScreen.storyboard */; };
		30DB6454214051F60082A21E /* TableInterfaces.swift in Sources */ = {isa = PBXBuildFile; fileRef = 30DB644F214051F60082A21E /* TableInterfaces.swift */; };
		30DB6455214051F60082A21E /* TablePresenter.swift in Sources */ = {isa = PBXBuildFile; fileRef = 30DB6450214051F60082A21E /* TablePresenter.swift */; };
		30DB6457214051F60082A21E /* TableInteractor.swift in Sources */ = {isa = PBXBuildFile; fileRef = 30DB6452214051F60082A21E /* TableInteractor.swift */; };
		30DB6458214051F60082A21E /* TableWireframe.swift in Sources */ = {isa = PBXBuildFile; fileRef = 30DB6453214051F60082A21E /* TableWireframe.swift */; };
		30DB6460214052B00082A21E /* BaseWireframe.swift in Sources */ = {isa = PBXBuildFile; fileRef = 30DB645B214052B00082A21E /* BaseWireframe.swift */; };
		30DB6461214052B00082A21E /* UIStoryboardExtension.swift in Sources */ = {isa = PBXBuildFile; fileRef = 30DB645C214052B00082A21E /* UIStoryboardExtension.swift */; };
		30DB6462214052B00082A21E /* PresenterInterface.swift in Sources */ = {isa = PBXBuildFile; fileRef = 30DB645D214052B00082A21E /* PresenterInterface.swift */; };
		30DB6463214052B00082A21E /* ViewInterface.swift in Sources */ = {isa = PBXBuildFile; fileRef = 30DB645E214052B00082A21E /* ViewInterface.swift */; };
		30DB6464214052B00082A21E /* InteractorInterface.swift in Sources */ = {isa = PBXBuildFile; fileRef = 30DB645F214052B00082A21E /* InteractorInterface.swift */; };
/* End PBXBuildFile section */

/* Begin PBXFileReference section */
		306FA06021414797005C7348 /* Alamofire.framework */ = {isa = PBXFileReference; lastKnownFileType = wrapper.framework; name = Alamofire.framework; path = Carthage/Build/iOS/Alamofire.framework; sourceTree = "<group>"; };
		306FA0682141604F005C7348 /* MarketCapService.swift */ = {isa = PBXFileReference; lastKnownFileType = sourcecode.swift; path = MarketCapService.swift; sourceTree = "<group>"; };
		306FA06A21416133005C7348 /* Coin.swift */ = {isa = PBXFileReference; lastKnownFileType = sourcecode.swift; path = Coin.swift; sourceTree = "<group>"; };
		306FA06F21416299005C7348 /* SwiftyJSON.framework */ = {isa = PBXFileReference; lastKnownFileType = wrapper.framework; name = SwiftyJSON.framework; path = "../../minexsystems/wallet-ios-app/Carthage/Build/iOS/SwiftyJSON.framework"; sourceTree = "<group>"; };
		306FA07121416385005C7348 /* Network.swift */ = {isa = PBXFileReference; lastKnownFileType = sourcecode.swift; path = Network.swift; sourceTree = "<group>"; };
		306FA073214164C2005C7348 /* Constants.swift */ = {isa = PBXFileReference; lastKnownFileType = sourcecode.swift; path = Constants.swift; sourceTree = "<group>"; };
		306FA07521416777005C7348 /* Log.swift */ = {isa = PBXFileReference; lastKnownFileType = sourcecode.swift; path = Log.swift; sourceTree = "<group>"; };
		306FA0772141AE22005C7348 /* TableViewController.swift */ = {isa = PBXFileReference; lastKnownFileType = sourcecode.swift; path = TableViewController.swift; sourceTree = "<group>"; };
		306FA0792141C550005C7348 /* ImageCacheLoader.swift */ = {isa = PBXFileReference; lastKnownFileType = sourcecode.swift; path = ImageCacheLoader.swift; sourceTree = "<group>"; };
		30DB643A214050F40082A21E /* Coinmarketcap Test.app */ = {isa = PBXFileReference; explicitFileType = wrapper.application; includeInIndex = 0; path = "Coinmarketcap Test.app"; sourceTree = BUILT_PRODUCTS_DIR; };
		30DB643D214050F40082A21E /* AppDelegate.swift */ = {isa = PBXFileReference; lastKnownFileType = sourcecode.swift; path = AppDelegate.swift; sourceTree = "<group>"; };
		30DB6442214050F40082A21E /* Base */ = {isa = PBXFileReference; lastKnownFileType = file.storyboard; name = Base; path = Base.lproj/Table.storyboard; sourceTree = "<group>"; };
		30DB6444214050F60082A21E /* Assets.xcassets */ = {isa = PBXFileReference; lastKnownFileType = folder.assetcatalog; path = Assets.xcassets; sourceTree = "<group>"; };
		30DB6447214050F60082A21E /* Base */ = {isa = PBXFileReference; lastKnownFileType = file.storyboard; name = Base; path = Base.lproj/LaunchScreen.storyboard; sourceTree = "<group>"; };
		30DB6449214050F60082A21E /* Info.plist */ = {isa = PBXFileReference; lastKnownFileType = text.plist.xml; path = Info.plist; sourceTree = "<group>"; };
		30DB644F214051F60082A21E /* TableInterfaces.swift */ = {isa = PBXFileReference; lastKnownFileType = sourcecode.swift; path = TableInterfaces.swift; sourceTree = "<group>"; };
		30DB6450214051F60082A21E /* TablePresenter.swift */ = {isa = PBXFileReference; lastKnownFileType = sourcecode.swift; path = TablePresenter.swift; sourceTree = "<group>"; };
		30DB6452214051F60082A21E /* TableInteractor.swift */ = {isa = PBXFileReference; lastKnownFileType = sourcecode.swift; path = TableInteractor.swift; sourceTree = "<group>"; };
		30DB6453214051F60082A21E /* TableWireframe.swift */ = {isa = PBXFileReference; lastKnownFileType = sourcecode.swift; path = TableWireframe.swift; sourceTree = "<group>"; };
		30DB645B214052B00082A21E /* BaseWireframe.swift */ = {isa = PBXFileReference; fileEncoding = 4; lastKnownFileType = sourcecode.swift; path = BaseWireframe.swift; sourceTree = "<group>"; };
		30DB645C214052B00082A21E /* UIStoryboardExtension.swift */ = {isa = PBXFileReference; fileEncoding = 4; lastKnownFileType = sourcecode.swift; path = UIStoryboardExtension.swift; sourceTree = "<group>"; };
		30DB645D214052B00082A21E /* PresenterInterface.swift */ = {isa = PBXFileReference; fileEncoding = 4; lastKnownFileType = sourcecode.swift; path = PresenterInterface.swift; sourceTree = "<group>"; };
		30DB645E214052B00082A21E /* ViewInterface.swift */ = {isa = PBXFileReference; fileEncoding = 4; lastKnownFileType = sourcecode.swift; path = ViewInterface.swift; sourceTree = "<group>"; };
		30DB645F214052B00082A21E /* InteractorInterface.swift */ = {isa = PBXFileReference; fileEncoding = 4; lastKnownFileType = sourcecode.swift; path = InteractorInterface.swift; sourceTree = "<group>"; };
/* End PBXFileReference section */

/* Begin PBXFrameworksBuildPhase section */
		30DB6437214050F40082A21E /* Frameworks */ = {
			isa = PBXFrameworksBuildPhase;
			buildActionMask = 2147483647;
			files = (
				306FA06121414797005C7348 /* Alamofire.framework in Frameworks */,
				306FA07021416299005C7348 /* SwiftyJSON.framework in Frameworks */,
			);
			runOnlyForDeploymentPostprocessing = 0;
		};
/* End PBXFrameworksBuildPhase section */

/* Begin PBXGroup section */
		306FA05F21414797005C7348 /* Frameworks */ = {
			isa = PBXGroup;
			children = (
				306FA06F21416299005C7348 /* SwiftyJSON.framework */,
				306FA06021414797005C7348 /* Alamofire.framework */,
			);
			name = Frameworks;
			sourceTree = "<group>";
		};
		306FA06521414E40005C7348 /* Common */ = {
			isa = PBXGroup;
			children = (
				306FA06D21416142005C7348 /* Services */,
				306FA06C21416138005C7348 /* Models */,
				306FA06E21416152005C7348 /* Utils */,
				306FA073214164C2005C7348 /* Constants.swift */,
				306FA07521416777005C7348 /* Log.swift */,
			);
			path = Common;
			sourceTree = "<group>";
		};
		306FA06C21416138005C7348 /* Models */ = {
			isa = PBXGroup;
			children = (
				306FA06A21416133005C7348 /* Coin.swift */,
			);
			path = Models;
			sourceTree = "<group>";
		};
		306FA06D21416142005C7348 /* Services */ = {
			isa = PBXGroup;
			children = (
				306FA0682141604F005C7348 /* MarketCapService.swift */,
			);
			path = Services;
			sourceTree = "<group>";
		};
		306FA06E21416152005C7348 /* Utils */ = {
			isa = PBXGroup;
			children = (
				306FA07121416385005C7348 /* Network.swift */,
				306FA0792141C550005C7348 /* ImageCacheLoader.swift */,
			);
			path = Utils;
			sourceTree = "<group>";
		};
		30DB6431214050F40082A21E = {
			isa = PBXGroup;
			children = (
				30DB643C214050F40082A21E /* Coinmarketcap Test */,
				30DB643B214050F40082A21E /* Products */,
				306FA05F21414797005C7348 /* Frameworks */,
			);
			sourceTree = "<group>";
		};
		30DB643B214050F40082A21E /* Products */ = {
			isa = PBXGroup;
			children = (
				30DB643A214050F40082A21E /* Coinmarketcap Test.app */,
			);
			name = Products;
			sourceTree = "<group>";
		};
		30DB643C214050F40082A21E /* Coinmarketcap Test */ = {
			isa = PBXGroup;
			children = (
				30DB643D214050F40082A21E /* AppDelegate.swift */,
				30DB6459214051FE0082A21E /* Table */,
				306FA06521414E40005C7348 /* Common */,
				30DB645A214052B00082A21E /* Base VIPER Interfaces V2 */,
				30DB6444214050F60082A21E /* Assets.xcassets */,
				30DB6446214050F60082A21E /* LaunchScreen.storyboard */,
				30DB6449214050F60082A21E /* Info.plist */,
			);
			path = "Coinmarketcap Test";
			sourceTree = "<group>";
		};
		30DB6459214051FE0082A21E /* Table */ = {
			isa = PBXGroup;
			children = (
				30DB644F214051F60082A21E /* TableInterfaces.swift */,
				30DB6450214051F60082A21E /* TablePresenter.swift */,
				306FA0772141AE22005C7348 /* TableViewController.swift */,
				30DB6452214051F60082A21E /* TableInteractor.swift */,
				30DB6453214051F60082A21E /* TableWireframe.swift */,
				30DB6441214050F40082A21E /* Table.storyboard */,
			);
			path = Table;
			sourceTree = "<group>";
		};
		30DB645A214052B00082A21E /* Base VIPER Interfaces V2 */ = {
			isa = PBXGroup;
			children = (
				30DB645B214052B00082A21E /* BaseWireframe.swift */,
				30DB645C214052B00082A21E /* UIStoryboardExtension.swift */,
				30DB645D214052B00082A21E /* PresenterInterface.swift */,
				30DB645E214052B00082A21E /* ViewInterface.swift */,
				30DB645F214052B00082A21E /* InteractorInterface.swift */,
			);
			path = "Base VIPER Interfaces V2";
			sourceTree = "<group>";
		};
/* End PBXGroup section */

/* Begin PBXNativeTarget section */
		30DB6439214050F40082A21E /* Coinmarketcap Test */ = {
			isa = PBXNativeTarget;
			buildConfigurationList = 30DB644C214050F60082A21E /* Build configuration list for PBXNativeTarget "Coinmarketcap Test" */;
			buildPhases = (
				30DB6436214050F40082A21E /* Sources */,
				30DB6437214050F40082A21E /* Frameworks */,
				30DB6438214050F40082A21E /* Resources */,
				306FA06221414AE8005C7348 /* Carthage */,
			);
			buildRules = (
			);
			dependencies = (
			);
			name = "Coinmarketcap Test";
			productName = "Coinmarketcap Test";
			productReference = 30DB643A214050F40082A21E /* Coinmarketcap Test.app */;
			productType = "com.apple.product-type.application";
		};
/* End PBXNativeTarget section */

/* Begin PBXProject section */
		30DB6432214050F40082A21E /* Project object */ = {
			isa = PBXProject;
			attributes = {
				LastSwiftUpdateCheck = 0940;
				LastUpgradeCheck = 0940;
				ORGANIZATIONNAME = Roman;
				TargetAttributes = {
					30DB6439214050F40082A21E = {
						CreatedOnToolsVersion = 9.4.1;
					};
				};
			};
			buildConfigurationList = 30DB6435214050F40082A21E /* Build configuration list for PBXProject "Coinmarketcap Test" */;
			compatibilityVersion = "Xcode 9.3";
			developmentRegion = en;
			hasScannedForEncodings = 0;
			knownRegions = (
				en,
				Base,
			);
			mainGroup = 30DB6431214050F40082A21E;
			productRefGroup = 30DB643B214050F40082A21E /* Products */;
			projectDirPath = "";
			projectRoot = "";
			targets = (
				30DB6439214050F40082A21E /* Coinmarketcap Test */,
			);
		};
/* End PBXProject section */

/* Begin PBXResourcesBuildPhase section */
		30DB6438214050F40082A21E /* Resources */ = {
			isa = PBXResourcesBuildPhase;
			buildActionMask = 2147483647;
			files = (
				30DB6448214050F60082A21E /* LaunchScreen.storyboard in Resources */,
				30DB6445214050F60082A21E /* Assets.xcassets in Resources */,
				30DB6443214050F40082A21E /* Table.storyboard in Resources */,
			);
			runOnlyForDeploymentPostprocessing = 0;
		};
/* End PBXResourcesBuildPhase section */

/* Begin PBXShellScriptBuildPhase section */
		306FA06221414AE8005C7348 /* Carthage */ = {
			isa = PBXShellScriptBuildPhase;
			buildActionMask = 2147483647;
			files = (
			);
			inputPaths = (
				"$(SRCROOT)/Carthage/Build/iOS/Alamofire.framework",
				"$(SRCROOT)/Carthage/Build/iOS/SwiftyJSON.framework",
			);
			name = Carthage;
			outputPaths = (
			);
			runOnlyForDeploymentPostprocessing = 0;
			shellPath = /bin/sh;
			shellScript = "/usr/local/bin/carthage copy-frameworks\n";
		};
/* End PBXShellScriptBuildPhase section */

/* Begin PBXSourcesBuildPhase section */
		30DB6436214050F40082A21E /* Sources */ = {
			isa = PBXSourcesBuildPhase;
			buildActionMask = 2147483647;
			files = (
				30DB6464214052B00082A21E /* InteractorInterface.swift in Sources */,
				306FA0692141604F005C7348 /* MarketCapService.swift in Sources */,
				30DB6457214051F60082A21E /* TableInteractor.swift in Sources */,
				30DB6454214051F60082A21E /* TableInterfaces.swift in Sources */,
				30DB6460214052B00082A21E /* BaseWireframe.swift in Sources */,
				306FA074214164C2005C7348 /* Constants.swift in Sources */,
				306FA07621416777005C7348 /* Log.swift in Sources */,
				306FA07221416385005C7348 /* Network.swift in Sources */,
				30DB6462214052B00082A21E /* PresenterInterface.swift in Sources */,
				306FA06B21416133005C7348 /* Coin.swift in Sources */,
				306FA07A2141C550005C7348 /* ImageCacheLoader.swift in Sources */,
				30DB6461214052B00082A21E /* UIStoryboardExtension.swift in Sources */,
				306FA0782141AE22005C7348 /* TableViewController.swift in Sources */,
				30DB643E214050F40082A21E /* AppDelegate.swift in Sources */,
				30DB6455214051F60082A21E /* TablePresenter.swift in Sources */,
				30DB6458214051F60082A21E /* TableWireframe.swift in Sources */,
				30DB6463214052B00082A21E /* ViewInterface.swift in Sources */,
			);
			runOnlyForDeploymentPostprocessing = 0;
		};
/* End PBXSourcesBuildPhase section */

/* Begin PBXVariantGroup section */
		30DB6441214050F40082A21E /* Table.storyboard */ = {
			isa = PBXVariantGroup;
			children = (
				30DB6442214050F40082A21E /* Base */,
			);
			name = Table.storyboard;
			sourceTree = "<group>";
		};
		30DB6446214050F60082A21E /* LaunchScreen.storyboard */ = {
			isa = PBXVariantGroup;
			children = (
				30DB6447214050F60082A21E /* Base */,
			);
			name = LaunchScreen.storyboard;
			sourceTree = "<group>";
		};
/* End PBXVariantGroup section */

/* Begin XCBuildConfiguration section */
		30DB644A214050F60082A21E /* Debug */ = {
			isa = XCBuildConfiguration;
			buildSettings = {
				ALWAYS_SEARCH_USER_PATHS = NO;
				CLANG_ANALYZER_NONNULL = YES;
				CLANG_ANALYZER_NUMBER_OBJECT_CONVERSION = YES_AGGRESSIVE;
				CLANG_CXX_LANGUAGE_STANDARD = "gnu++14";
				CLANG_CXX_LIBRARY = "libc++";
				CLANG_ENABLE_MODULES = YES;
				CLANG_ENABLE_OBJC_ARC = YES;
				CLANG_ENABLE_OBJC_WEAK = YES;
				CLANG_WARN_BLOCK_CAPTURE_AUTORELEASING = YES;
				CLANG_WARN_BOOL_CONVERSION = YES;
				CLANG_WARN_COMMA = YES;
				CLANG_WARN_CONSTANT_CONVERSION = YES;
				CLANG_WARN_DEPRECATED_OBJC_IMPLEMENTATIONS = YES;
				CLANG_WARN_DIRECT_OBJC_ISA_USAGE = YES_ERROR;
				CLANG_WARN_DOCUMENTATION_COMMENTS = YES;
				CLANG_WARN_EMPTY_BODY = YES;
				CLANG_WARN_ENUM_CONVERSION = YES;
				CLANG_WARN_INFINITE_RECURSION = YES;
				CLANG_WARN_INT_CONVERSION = YES;
				CLANG_WARN_NON_LITERAL_NULL_CONVERSION = YES;
				CLANG_WARN_OBJC_IMPLICIT_RETAIN_SELF = YES;
				CLANG_WARN_OBJC_LITERAL_CONVERSION = YES;
				CLANG_WARN_OBJC_ROOT_CLASS = YES_ERROR;
				CLANG_WARN_RANGE_LOOP_ANALYSIS = YES;
				CLANG_WARN_STRICT_PROTOTYPES = YES;
				CLANG_WARN_SUSPICIOUS_MOVE = YES;
				CLANG_WARN_UNGUARDED_AVAILABILITY = YES_AGGRESSIVE;
				CLANG_WARN_UNREACHABLE_CODE = YES;
				CLANG_WARN__DUPLICATE_METHOD_MATCH = YES;
				CODE_SIGN_IDENTITY = "iPhone Developer";
				COPY_PHASE_STRIP = NO;
				DEBUG_INFORMATION_FORMAT = dwarf;
				ENABLE_STRICT_OBJC_MSGSEND = YES;
				ENABLE_TESTABILITY = YES;
				GCC_C_LANGUAGE_STANDARD = gnu11;
				GCC_DYNAMIC_NO_PIC = NO;
				GCC_NO_COMMON_BLOCKS = YES;
				GCC_OPTIMIZATION_LEVEL = 0;
				GCC_PREPROCESSOR_DEFINITIONS = (
					"DEBUG=1",
					"$(inherited)",
				);
				GCC_WARN_64_TO_32_BIT_CONVERSION = YES;
				GCC_WARN_ABOUT_RETURN_TYPE = YES_ERROR;
				GCC_WARN_UNDECLARED_SELECTOR = YES;
				GCC_WARN_UNINITIALIZED_AUTOS = YES_AGGRESSIVE;
				GCC_WARN_UNUSED_FUNCTION = YES;
				GCC_WARN_UNUSED_VARIABLE = YES;
				IPHONEOS_DEPLOYMENT_TARGET = 11.4;
				MTL_ENABLE_DEBUG_INFO = YES;
				ONLY_ACTIVE_ARCH = YES;
				SDKROOT = iphoneos;
				SWIFT_ACTIVE_COMPILATION_CONDITIONS = DEBUG;
				SWIFT_OPTIMIZATION_LEVEL = "-Onone";
			};
			name = Debug;
		};
		30DB644B214050F60082A21E /* Release */ = {
			isa = XCBuildConfiguration;
			buildSettings = {
				ALWAYS_SEARCH_USER_PATHS = NO;
				CLANG_ANALYZER_NONNULL = YES;
				CLANG_ANALYZER_NUMBER_OBJECT_CONVERSION = YES_AGGRESSIVE;
				CLANG_CXX_LANGUAGE_STANDARD = "gnu++14";
				CLANG_CXX_LIBRARY = "libc++";
				CLANG_ENABLE_MODULES = YES;
				CLANG_ENABLE_OBJC_ARC = YES;
				CLANG_ENABLE_OBJC_WEAK = YES;
				CLANG_WARN_BLOCK_CAPTURE_AUTORELEASING = YES;
				CLANG_WARN_BOOL_CONVERSION = YES;
				CLANG_WARN_COMMA = YES;
				CLANG_WARN_CONSTANT_CONVERSION = YES;
				CLANG_WARN_DEPRECATED_OBJC_IMPLEMENTATIONS = YES;
				CLANG_WARN_DIRECT_OBJC_ISA_USAGE = YES_ERROR;
				CLANG_WARN_DOCUMENTATION_COMMENTS = YES;
				CLANG_WARN_EMPTY_BODY = YES;
				CLANG_WARN_ENUM_CONVERSION = YES;
				CLANG_WARN_INFINITE_RECURSION = YES;
				CLANG_WARN_INT_CONVERSION = YES;
				CLANG_WARN_NON_LITERAL_NULL_CONVERSION = YES;
				CLANG_WARN_OBJC_IMPLICIT_RETAIN_SELF = YES;
				CLANG_WARN_OBJC_LITERAL_CONVERSION = YES;
				CLANG_WARN_OBJC_ROOT_CLASS = YES_ERROR;
				CLANG_WARN_RANGE_LOOP_ANALYSIS = YES;
				CLANG_WARN_STRICT_PROTOTYPES = YES;
				CLANG_WARN_SUSPICIOUS_MOVE = YES;
				CLANG_WARN_UNGUARDED_AVAILABILITY = YES_AGGRESSIVE;
				CLANG_WARN_UNREACHABLE_CODE = YES;
				CLANG_WARN__DUPLICATE_METHOD_MATCH = YES;
				CODE_SIGN_IDENTITY = "iPhone Developer";
				COPY_PHASE_STRIP = NO;
				DEBUG_INFORMATION_FORMAT = "dwarf-with-dsym";
				ENABLE_NS_ASSERTIONS = NO;
				ENABLE_STRICT_OBJC_MSGSEND = YES;
				GCC_C_LANGUAGE_STANDARD = gnu11;
				GCC_NO_COMMON_BLOCKS = YES;
				GCC_WARN_64_TO_32_BIT_CONVERSION = YES;
				GCC_WARN_ABOUT_RETURN_TYPE = YES_ERROR;
				GCC_WARN_UNDECLARED_SELECTOR = YES;
				GCC_WARN_UNINITIALIZED_AUTOS = YES_AGGRESSIVE;
				GCC_WARN_UNUSED_FUNCTION = YES;
				GCC_WARN_UNUSED_VARIABLE = YES;
				IPHONEOS_DEPLOYMENT_TARGET = 11.4;
				MTL_ENABLE_DEBUG_INFO = NO;
				SDKROOT = iphoneos;
				SWIFT_COMPILATION_MODE = wholemodule;
				SWIFT_OPTIMIZATION_LEVEL = "-O";
				VALIDATE_PRODUCT = YES;
			};
			name = Release;
		};
		30DB644D214050F60082A21E /* Debug */ = {
			isa = XCBuildConfiguration;
			buildSettings = {
				ASSETCATALOG_COMPILER_APPICON_NAME = AppIcon;
				CODE_SIGN_STYLE = Automatic;
				DEVELOPMENT_TEAM = RVKP8MCVP4;
				FRAMEWORK_SEARCH_PATHS = (
					"$(inherited)",
					"$(PROJECT_DIR)/Carthage/Build/iOS",
				);
				INFOPLIST_FILE = "Coinmarketcap Test/Info.plist";
				LD_RUNPATH_SEARCH_PATHS = (
					"$(inherited)",
					"@executable_path/Frameworks",
				);
				PRODUCT_BUNDLE_IDENTIFIER = "Roman-Slysh.Coinmarketcap-Test";
				PRODUCT_NAME = "$(TARGET_NAME)";
				SWIFT_VERSION = 4.0;
				TARGETED_DEVICE_FAMILY = "1,2";
			};
			name = Debug;
		};
		30DB644E214050F60082A21E /* Release */ = {
			isa = XCBuildConfiguration;
			buildSettings = {
				ASSETCATALOG_COMPILER_APPICON_NAME = AppIcon;
				CODE_SIGN_STYLE = Automatic;
				DEVELOPMENT_TEAM = RVKP8MCVP4;
				FRAMEWORK_SEARCH_PATHS = (
					"$(inherited)",
					"$(PROJECT_DIR)/Carthage/Build/iOS",
				);
				INFOPLIST_FILE = "Coinmarketcap Test/Info.plist";
				LD_RUNPATH_SEARCH_PATHS = (
					"$(inherited)",
					"@executable_path/Frameworks",
				);
				PRODUCT_BUNDLE_IDENTIFIER = "Roman-Slysh.Coinmarketcap-Test";
				PRODUCT_NAME = "$(TARGET_NAME)";
				SWIFT_VERSION = 4.0;
				TARGETED_DEVICE_FAMILY = "1,2";
			};
			name = Release;
		};
/* End XCBuildConfiguration section */

/* Begin XCConfigurationList section */
		30DB6435214050F40082A21E /* Build configuration list for PBXProject "Coinmarketcap Test" */ = {
			isa = XCConfigurationList;
			buildConfigurations = (
				30DB644A214050F60082A21E /* Debug */,
				30DB644B214050F60082A21E /* Release */,
			);
			defaultConfigurationIsVisible = 0;
			defaultConfigurationName = Release;
		};
		30DB644C214050F60082A21E /* Build configuration list for PBXNativeTarget "Coinmarketcap Test" */ = {
			isa = XCConfigurationList;
			buildConfigurations = (
				30DB644D214050F60082A21E /* Debug */,
				30DB644E214050F60082A21E /* Release */,
			);
			defaultConfigurationIsVisible = 0;
			defaultConfigurationName = Release;
		};
/* End XCConfigurationList section */
	};
	rootObject = 30DB6432214050F40082A21E /* Project object */;
}
